// !$*UTF8*$!
{
	archiveVersion = 1;
	classes = {
	};
	objectVersion = 77;
	objects = {

/* Begin PBXContainerItemProxy section */
		5BF735552DD2A20700FA17E9 /* PBXContainerItemProxy */ = {
			isa = PBXContainerItemProxy;
			containerPortal = 5BF7353E2DD2A20500FA17E9 /* Project object */;
			proxyType = 1;
			remoteGlobalIDString = 5BF735452DD2A20500FA17E9;
			remoteInfo = "(Not Boring) UV App";
		};
		5BF7355F2DD2A20700FA17E9 /* PBXContainerItemProxy */ = {
			isa = PBXContainerItemProxy;
			containerPortal = 5BF7353E2DD2A20500FA17E9 /* Project object */;
			proxyType = 1;
			remoteGlobalIDString = 5BF735452DD2A20500FA17E9;
			remoteInfo = "(Not Boring) UV App";
		};
/* End PBXContainerItemProxy section */

/* Begin PBXFileReference section */
		5BF735462DD2A20500FA17E9 /* (Not Boring) UV App.app */ = {isa = PBXFileReference; explicitFileType = wrapper.application; includeInIndex = 0; path = "(Not Boring) UV App.app"; sourceTree = BUILT_PRODUCTS_DIR; };
		5BF735542DD2A20700FA17E9 /* (Not Boring) UV AppTests.xctest */ = {isa = PBXFileReference; explicitFileType = wrapper.cfbundle; includeInIndex = 0; path = "(Not Boring) UV AppTests.xctest"; sourceTree = BUILT_PRODUCTS_DIR; };
		5BF7355E2DD2A20700FA17E9 /* (Not Boring) UV AppUITests.xctest */ = {isa = PBXFileReference; explicitFileType = wrapper.cfbundle; includeInIndex = 0; path = "(Not Boring) UV AppUITests.xctest"; sourceTree = BUILT_PRODUCTS_DIR; };
/* End PBXFileReference section */

/* Begin PBXFileSystemSynchronizedRootGroup section */
		5BF735482DD2A20500FA17E9 /* (Not Boring) UV App */ = {
			isa = PBXFileSystemSynchronizedRootGroup;
			path = "(Not Boring) UV App";
			sourceTree = "<group>";
		};
		5BF735572DD2A20700FA17E9 /* (Not Boring) UV AppTests */ = {
			isa = PBXFileSystemSynchronizedRootGroup;
			path = "(Not Boring) UV AppTests";
			sourceTree = "<group>";
		};
		5BF735612DD2A20700FA17E9 /* (Not Boring) UV AppUITests */ = {
			isa = PBXFileSystemSynchronizedRootGroup;
			path = "(Not Boring) UV AppUITests";
			sourceTree = "<group>";
		};
/* End PBXFileSystemSynchronizedRootGroup section */

/* Begin PBXFrameworksBuildPhase section */
		5BF735432DD2A20500FA17E9 /* Frameworks */ = {
			isa = PBXFrameworksBuildPhase;
			buildActionMask = 2147483647;
			files = (
			);
			runOnlyForDeploymentPostprocessing = 0;
		};
		5BF735512DD2A20700FA17E9 /* Frameworks */ = {
			isa = PBXFrameworksBuildPhase;
			buildActionMask = 2147483647;
			files = (
			);
			runOnlyForDeploymentPostprocessing = 0;
		};
		5BF7355B2DD2A20700FA17E9 /* Frameworks */ = {
			isa = PBXFrameworksBuildPhase;
			buildActionMask = 2147483647;
			files = (
			);
			runOnlyForDeploymentPostprocessing = 0;
		};
/* End PBXFrameworksBuildPhase section */

/* Begin PBXGroup section */
		5BF7353D2DD2A20500FA17E9 = {
			isa = PBXGroup;
			children = (
				5BF735482DD2A20500FA17E9 /* (Not Boring) UV App */,
				5BF735572DD2A20700FA17E9 /* (Not Boring) UV AppTests */,
				5BF735612DD2A20700FA17E9 /* (Not Boring) UV AppUITests */,
				5BF735472DD2A20500FA17E9 /* Products */,
			);
			sourceTree = "<group>";
		};
		5BF735472DD2A20500FA17E9 /* Products */ = {
			isa = PBXGroup;
			children = (
				5BF735462DD2A20500FA17E9 /* (Not Boring) UV App.app */,
				5BF735542DD2A20700FA17E9 /* (Not Boring) UV AppTests.xctest */,
				5BF7355E2DD2A20700FA17E9 /* (Not Boring) UV AppUITests.xctest */,
			);
			name = Products;
			sourceTree = "<group>";
		};
/* End PBXGroup section */

/* Begin PBXNativeTarget section */
		5BF735452DD2A20500FA17E9 /* (Not Boring) UV App */ = {
			isa = PBXNativeTarget;
			buildConfigurationList = 5BF735682DD2A20700FA17E9 /* Build configuration list for PBXNativeTarget "(Not Boring) UV App" */;
			buildPhases = (
				5BF735422DD2A20500FA17E9 /* Sources */,
				5BF735432DD2A20500FA17E9 /* Frameworks */,
				5BF735442DD2A20500FA17E9 /* Resources */,
			);
			buildRules = (
			);
			dependencies = (
			);
			fileSystemSynchronizedGroups = (
				5BF735482DD2A20500FA17E9 /* (Not Boring) UV App */,
			);
			name = "(Not Boring) UV App";
			packageProductDependencies = (
			);
			productName = "(Not Boring) UV App";
			productReference = 5BF735462DD2A20500FA17E9 /* (Not Boring) UV App.app */;
			productType = "com.apple.product-type.application";
		};
		5BF735532DD2A20700FA17E9 /* (Not Boring) UV AppTests */ = {
			isa = PBXNativeTarget;
			buildConfigurationList = 5BF7356B2DD2A20700FA17E9 /* Build configuration list for PBXNativeTarget "(Not Boring) UV AppTests" */;
			buildPhases = (
				5BF735502DD2A20700FA17E9 /* Sources */,
				5BF735512DD2A20700FA17E9 /* Frameworks */,
				5BF735522DD2A20700FA17E9 /* Resources */,
			);
			buildRules = (
			);
			dependencies = (
				5BF735562DD2A20700FA17E9 /* PBXTargetDependency */,
			);
			fileSystemSynchronizedGroups = (
				5BF735572DD2A20700FA17E9 /* (Not Boring) UV AppTests */,
			);
			name = "(Not Boring) UV AppTests";
			packageProductDependencies = (
			);
			productName = "(Not Boring) UV AppTests";
			productReference = 5BF735542DD2A20700FA17E9 /* (Not Boring) UV AppTests.xctest */;
			productType = "com.apple.product-type.bundle.unit-test";
		};
		5BF7355D2DD2A20700FA17E9 /* (Not Boring) UV AppUITests */ = {
			isa = PBXNativeTarget;
			buildConfigurationList = 5BF7356E2DD2A20700FA17E9 /* Build configuration list for PBXNativeTarget "(Not Boring) UV AppUITests" */;
			buildPhases = (
				5BF7355A2DD2A20700FA17E9 /* Sources */,
				5BF7355B2DD2A20700FA17E9 /* Frameworks */,
				5BF7355C2DD2A20700FA17E9 /* Resources */,
			);
			buildRules = (
			);
			dependencies = (
				5BF735602DD2A20700FA17E9 /* PBXTargetDependency */,
			);
			fileSystemSynchronizedGroups = (
				5BF735612DD2A20700FA17E9 /* (Not Boring) UV AppUITests */,
			);
			name = "(Not Boring) UV AppUITests";
			packageProductDependencies = (
			);
			productName = "(Not Boring) UV AppUITests";
			productReference = 5BF7355E2DD2A20700FA17E9 /* (Not Boring) UV AppUITests.xctest */;
			productType = "com.apple.product-type.bundle.ui-testing";
		};
/* End PBXNativeTarget section */

/* Begin PBXProject section */
		5BF7353E2DD2A20500FA17E9 /* Project object */ = {
			isa = PBXProject;
			attributes = {
				BuildIndependentTargetsInParallel = 1;
				LastSwiftUpdateCheck = 1630;
				LastUpgradeCheck = 1630;
				TargetAttributes = {
					5BF735452DD2A20500FA17E9 = {
						CreatedOnToolsVersion = 16.3;
					};
					5BF735532DD2A20700FA17E9 = {
						CreatedOnToolsVersion = 16.3;
						TestTargetID = 5BF735452DD2A20500FA17E9;
					};
					5BF7355D2DD2A20700FA17E9 = {
						CreatedOnToolsVersion = 16.3;
						TestTargetID = 5BF735452DD2A20500FA17E9;
					};
				};
			};
			buildConfigurationList = 5BF735412DD2A20500FA17E9 /* Build configuration list for PBXProject "(Not Boring) UV App" */;
			developmentRegion = en;
			hasScannedForEncodings = 0;
			knownRegions = (
				en,
				Base,
			);
			mainGroup = 5BF7353D2DD2A20500FA17E9;
			minimizedProjectReferenceProxies = 1;
			preferredProjectObjectVersion = 77;
			productRefGroup = 5BF735472DD2A20500FA17E9 /* Products */;
			projectDirPath = "";
			projectRoot = "";
			targets = (
				5BF735452DD2A20500FA17E9 /* (Not Boring) UV App */,
				5BF735532DD2A20700FA17E9 /* (Not Boring) UV AppTests */,
				5BF7355D2DD2A20700FA17E9 /* (Not Boring) UV AppUITests */,
			);
		};
/* End PBXProject section */

/* Begin PBXResourcesBuildPhase section */
		5BF735442DD2A20500FA17E9 /* Resources */ = {
			isa = PBXResourcesBuildPhase;
			buildActionMask = 2147483647;
			files = (
			);
			runOnlyForDeploymentPostprocessing = 0;
		};
		5BF735522DD2A20700FA17E9 /* Resources */ = {
			isa = PBXResourcesBuildPhase;
			buildActionMask = 2147483647;
			files = (
			);
			runOnlyForDeploymentPostprocessing = 0;
		};
		5BF7355C2DD2A20700FA17E9 /* Resources */ = {
			isa = PBXResourcesBuildPhase;
			buildActionMask = 2147483647;
			files = (
			);
			runOnlyForDeploymentPostprocessing = 0;
		};
/* End PBXResourcesBuildPhase section */

/* Begin PBXSourcesBuildPhase section */
		5BF735422DD2A20500FA17E9 /* Sources */ = {
			isa = PBXSourcesBuildPhase;
			buildActionMask = 2147483647;
			files = (
			);
			runOnlyForDeploymentPostprocessing = 0;
		};
		5BF735502DD2A20700FA17E9 /* Sources */ = {
			isa = PBXSourcesBuildPhase;
			buildActionMask = 2147483647;
			files = (
			);
			runOnlyForDeploymentPostprocessing = 0;
		};
		5BF7355A2DD2A20700FA17E9 /* Sources */ = {
			isa = PBXSourcesBuildPhase;
			buildActionMask = 2147483647;
			files = (
			);
			runOnlyForDeploymentPostprocessing = 0;
		};
/* End PBXSourcesBuildPhase section */

/* Begin PBXTargetDependency section */
		5BF735562DD2A20700FA17E9 /* PBXTargetDependency */ = {
			isa = PBXTargetDependency;
			target = 5BF735452DD2A20500FA17E9 /* (Not Boring) UV App */;
			targetProxy = 5BF735552DD2A20700FA17E9 /* PBXContainerItemProxy */;
		};
		5BF735602DD2A20700FA17E9 /* PBXTargetDependency */ = {
			isa = PBXTargetDependency;
			target = 5BF735452DD2A20500FA17E9 /* (Not Boring) UV App */;
			targetProxy = 5BF7355F2DD2A20700FA17E9 /* PBXContainerItemProxy */;
		};
/* End PBXTargetDependency section */

/* Begin XCBuildConfiguration section */
		5BF735662DD2A20700FA17E9 /* Debug */ = {
			isa = XCBuildConfiguration;
			buildSettings = {
				ALWAYS_SEARCH_USER_PATHS = NO;
				ASSETCATALOG_COMPILER_GENERATE_SWIFT_ASSET_SYMBOL_EXTENSIONS = YES;
				CLANG_ANALYZER_NONNULL = YES;
				CLANG_ANALYZER_NUMBER_OBJECT_CONVERSION = YES_AGGRESSIVE;
				CLANG_CXX_LANGUAGE_STANDARD = "gnu++20";
				CLANG_ENABLE_MODULES = YES;
				CLANG_ENABLE_OBJC_ARC = YES;
				CLANG_ENABLE_OBJC_WEAK = YES;
				CLANG_WARN_BLOCK_CAPTURE_AUTORELEASING = YES;
				CLANG_WARN_BOOL_CONVERSION = YES;
				CLANG_WARN_COMMA = YES;
				CLANG_WARN_CONSTANT_CONVERSION = YES;
				CLANG_WARN_DEPRECATED_OBJC_IMPLEMENTATIONS = YES;
				CLANG_WARN_DIRECT_OBJC_ISA_USAGE = YES_ERROR;
				CLANG_WARN_DOCUMENTATION_COMMENTS = YES;
				CLANG_WARN_EMPTY_BODY = YES;
				CLANG_WARN_ENUM_CONVERSION = YES;
				CLANG_WARN_INFINITE_RECURSION = YES;
				CLANG_WARN_INT_CONVERSION = YES;
				CLANG_WARN_NON_LITERAL_NULL_CONVERSION = YES;
				CLANG_WARN_OBJC_IMPLICIT_RETAIN_SELF = YES;
				CLANG_WARN_OBJC_LITERAL_CONVERSION = YES;
				CLANG_WARN_OBJC_ROOT_CLASS = YES_ERROR;
				CLANG_WARN_QUOTED_INCLUDE_IN_FRAMEWORK_HEADER = YES;
				CLANG_WARN_RANGE_LOOP_ANALYSIS = YES;
				CLANG_WARN_STRICT_PROTOTYPES = YES;
				CLANG_WARN_SUSPICIOUS_MOVE = YES;
				CLANG_WARN_UNGUARDED_AVAILABILITY = YES_AGGRESSIVE;
				CLANG_WARN_UNREACHABLE_CODE = YES;
				CLANG_WARN__DUPLICATE_METHOD_MATCH = YES;
				COPY_PHASE_STRIP = NO;
				DEBUG_INFORMATION_FORMAT = dwarf;
				ENABLE_STRICT_OBJC_MSGSEND = YES;
				ENABLE_TESTABILITY = YES;
				ENABLE_USER_SCRIPT_SANDBOXING = YES;
				GCC_C_LANGUAGE_STANDARD = gnu17;
				GCC_DYNAMIC_NO_PIC = NO;
				GCC_NO_COMMON_BLOCKS = YES;
				GCC_OPTIMIZATION_LEVEL = 0;
				GCC_PREPROCESSOR_DEFINITIONS = (
					"DEBUG=1",
					"$(inherited)",
				);
				GCC_WARN_64_TO_32_BIT_CONVERSION = YES;
				GCC_WARN_ABOUT_RETURN_TYPE = YES_ERROR;
				GCC_WARN_UNDECLARED_SELECTOR = YES;
				GCC_WARN_UNINITIALIZED_AUTOS = YES_AGGRESSIVE;
				GCC_WARN_UNUSED_FUNCTION = YES;
				GCC_WARN_UNUSED_VARIABLE = YES;
				LOCALIZATION_PREFERS_STRING_CATALOGS = YES;
				MACOSX_DEPLOYMENT_TARGET = 15.4;
				MTL_ENABLE_DEBUG_INFO = INCLUDE_SOURCE;
				MTL_FAST_MATH = YES;
				ONLY_ACTIVE_ARCH = YES;
				SDKROOT = macosx;
				SWIFT_ACTIVE_COMPILATION_CONDITIONS = "DEBUG $(inherited)";
				SWIFT_OPTIMIZATION_LEVEL = "-Onone";
			};
			name = Debug;
		};
		5BF735672DD2A20700FA17E9 /* Release */ = {
			isa = XCBuildConfiguration;
			buildSettings = {
				ALWAYS_SEARCH_USER_PATHS = NO;
				ASSETCATALOG_COMPILER_GENERATE_SWIFT_ASSET_SYMBOL_EXTENSIONS = YES;
				CLANG_ANALYZER_NONNULL = YES;
				CLANG_ANALYZER_NUMBER_OBJECT_CONVERSION = YES_AGGRESSIVE;
				CLANG_CXX_LANGUAGE_STANDARD = "gnu++20";
				CLANG_ENABLE_MODULES = YES;
				CLANG_ENABLE_OBJC_ARC = YES;
				CLANG_ENABLE_OBJC_WEAK = YES;
				CLANG_WARN_BLOCK_CAPTURE_AUTORELEASING = YES;
				CLANG_WARN_BOOL_CONVERSION = YES;
				CLANG_WARN_COMMA = YES;
				CLANG_WARN_CONSTANT_CONVERSION = YES;
				CLANG_WARN_DEPRECATED_OBJC_IMPLEMENTATIONS = YES;
				CLANG_WARN_DIRECT_OBJC_ISA_USAGE = YES_ERROR;
				CLANG_WARN_DOCUMENTATION_COMMENTS = YES;
				CLANG_WARN_EMPTY_BODY = YES;
				CLANG_WARN_ENUM_CONVERSION = YES;
				CLANG_WARN_INFINITE_RECURSION = YES;
				CLANG_WARN_INT_CONVERSION = YES;
				CLANG_WARN_NON_LITERAL_NULL_CONVERSION = YES;
				CLANG_WARN_OBJC_IMPLICIT_RETAIN_SELF = YES;
				CLANG_WARN_OBJC_LITERAL_CONVERSION = YES;
				CLANG_WARN_OBJC_ROOT_CLASS = YES_ERROR;
				CLANG_WARN_QUOTED_INCLUDE_IN_FRAMEWORK_HEADER = YES;
				CLANG_WARN_RANGE_LOOP_ANALYSIS = YES;
				CLANG_WARN_STRICT_PROTOTYPES = YES;
				CLANG_WARN_SUSPICIOUS_MOVE = YES;
				CLANG_WARN_UNGUARDED_AVAILABILITY = YES_AGGRESSIVE;
				CLANG_WARN_UNREACHABLE_CODE = YES;
				CLANG_WARN__DUPLICATE_METHOD_MATCH = YES;
				COPY_PHASE_STRIP = NO;
				DEBUG_INFORMATION_FORMAT = "dwarf-with-dsym";
				ENABLE_NS_ASSERTIONS = NO;
				ENABLE_STRICT_OBJC_MSGSEND = YES;
				ENABLE_USER_SCRIPT_SANDBOXING = YES;
				GCC_C_LANGUAGE_STANDARD = gnu17;
				GCC_NO_COMMON_BLOCKS = YES;
				GCC_WARN_64_TO_32_BIT_CONVERSION = YES;
				GCC_WARN_ABOUT_RETURN_TYPE = YES_ERROR;
				GCC_WARN_UNDECLARED_SELECTOR = YES;
				GCC_WARN_UNINITIALIZED_AUTOS = YES_AGGRESSIVE;
				GCC_WARN_UNUSED_FUNCTION = YES;
				GCC_WARN_UNUSED_VARIABLE = YES;
				LOCALIZATION_PREFERS_STRING_CATALOGS = YES;
				MACOSX_DEPLOYMENT_TARGET = 15.4;
				MTL_ENABLE_DEBUG_INFO = NO;
				MTL_FAST_MATH = YES;
				SDKROOT = macosx;
				SWIFT_COMPILATION_MODE = wholemodule;
			};
			name = Release;
		};
		5BF735692DD2A20700FA17E9 /* Debug */ = {
			isa = XCBuildConfiguration;
			buildSettings = {
				ASSETCATALOG_COMPILER_APPICON_NAME = AppIcon;
				ASSETCATALOG_COMPILER_GLOBAL_ACCENT_COLOR_NAME = AccentColor;
				CODE_SIGN_ENTITLEMENTS = "(Not Boring) UV App/_Not_Boring__UV_App.entitlements";
				CODE_SIGN_STYLE = Automatic;
				COMBINE_HIDPI_IMAGES = YES;
				CURRENT_PROJECT_VERSION = 1;
				ENABLE_PREVIEWS = YES;
				GENERATE_INFOPLIST_FILE = YES;
				INFOPLIST_KEY_NSHumanReadableCopyright = "";
				LD_RUNPATH_SEARCH_PATHS = (
					"$(inherited)",
					"@executable_path/../Frameworks",
				);
				MARKETING_VERSION = 1.0;
				PRODUCT_BUNDLE_IDENTIFIER = "try-hard-to-be.-Not-Boring--UV-App";
				PRODUCT_NAME = "$(TARGET_NAME)";
				REGISTER_APP_GROUPS = YES;
				SWIFT_EMIT_LOC_STRINGS = YES;
				SWIFT_VERSION = 5.0;
			};
			name = Debug;
		};
		5BF7356A2DD2A20700FA17E9 /* Release */ = {
			isa = XCBuildConfiguration;
			buildSettings = {
				ASSETCATALOG_COMPILER_APPICON_NAME = AppIcon;
				ASSETCATALOG_COMPILER_GLOBAL_ACCENT_COLOR_NAME = AccentColor;
				CODE_SIGN_ENTITLEMENTS = "(Not Boring) UV App/_Not_Boring__UV_App.entitlements";
				CODE_SIGN_STYLE = Automatic;
				COMBINE_HIDPI_IMAGES = YES;
				CURRENT_PROJECT_VERSION = 1;
				ENABLE_PREVIEWS = YES;
				GENERATE_INFOPLIST_FILE = YES;
				INFOPLIST_KEY_NSHumanReadableCopyright = "";
				LD_RUNPATH_SEARCH_PATHS = (
					"$(inherited)",
					"@executable_path/../Frameworks",
				);
				MARKETING_VERSION = 1.0;
				PRODUCT_BUNDLE_IDENTIFIER = "try-hard-to-be.-Not-Boring--UV-App";
				PRODUCT_NAME = "$(TARGET_NAME)";
				REGISTER_APP_GROUPS = YES;
				SWIFT_EMIT_LOC_STRINGS = YES;
				SWIFT_VERSION = 5.0;
			};
			name = Release;
		};
		5BF7356C2DD2A20700FA17E9 /* Debug */ = {
			isa = XCBuildConfiguration;
			buildSettings = {
				BUNDLE_LOADER = "$(TEST_HOST)";
				CODE_SIGN_STYLE = Automatic;
				CURRENT_PROJECT_VERSION = 1;
				GENERATE_INFOPLIST_FILE = YES;
				MACOSX_DEPLOYMENT_TARGET = 15.4;
				MARKETING_VERSION = 1.0;
				PRODUCT_BUNDLE_IDENTIFIER = "try-hard-to-be.-Not-Boring--UV-AppTests";
				PRODUCT_NAME = "$(TARGET_NAME)";
				SWIFT_EMIT_LOC_STRINGS = NO;
				SWIFT_VERSION = 5.0;
				TEST_HOST = "$(BUILT_PRODUCTS_DIR)/(Not Boring) UV App.app/$(BUNDLE_EXECUTABLE_FOLDER_PATH)/(Not Boring) UV App";
			};
			name = Debug;
		};
		5BF7356D2DD2A20700FA17E9 /* Release */ = {
			isa = XCBuildConfiguration;
			buildSettings = {
				BUNDLE_LOADER = "$(TEST_HOST)";
				CODE_SIGN_STYLE = Automatic;
				CURRENT_PROJECT_VERSION = 1;
				GENERATE_INFOPLIST_FILE = YES;
				MACOSX_DEPLOYMENT_TARGET = 15.4;
				MARKETING_VERSION = 1.0;
				PRODUCT_BUNDLE_IDENTIFIER = "try-hard-to-be.-Not-Boring--UV-AppTests";
				PRODUCT_NAME = "$(TARGET_NAME)";
				SWIFT_EMIT_LOC_STRINGS = NO;
				SWIFT_VERSION = 5.0;
				TEST_HOST = "$(BUILT_PRODUCTS_DIR)/(Not Boring) UV App.app/$(BUNDLE_EXECUTABLE_FOLDER_PATH)/(Not Boring) UV App";
			};
			name = Release;
		};
		5BF7356F2DD2A20700FA17E9 /* Debug */ = {
			isa = XCBuildConfiguration;
			buildSettings = {
				CODE_SIGN_STYLE = Automatic;
				CURRENT_PROJECT_VERSION = 1;
				GENERATE_INFOPLIST_FILE = YES;
				MARKETING_VERSION = 1.0;
				PRODUCT_BUNDLE_IDENTIFIER = "try-hard-to-be.-Not-Boring--UV-AppUITests";
				PRODUCT_NAME = "$(TARGET_NAME)";
				SWIFT_EMIT_LOC_STRINGS = NO;
				SWIFT_VERSION = 5.0;
				TEST_TARGET_NAME = "(Not Boring) UV App";
			};
			name = Debug;
		};
		5BF735702DD2A20700FA17E9 /* Release */ = {
			isa = XCBuildConfiguration;
			buildSettings = {
				CODE_SIGN_STYLE = Automatic;
				CURRENT_PROJECT_VERSION = 1;
				GENERATE_INFOPLIST_FILE = YES;
				MARKETING_VERSION = 1.0;
				PRODUCT_BUNDLE_IDENTIFIER = "try-hard-to-be.-Not-Boring--UV-AppUITests";
				PRODUCT_NAME = "$(TARGET_NAME)";
				SWIFT_EMIT_LOC_STRINGS = NO;
				SWIFT_VERSION = 5.0;
				TEST_TARGET_NAME = "(Not Boring) UV App";
			};
			name = Release;
		};
/* End XCBuildConfiguration section */

/* Begin XCConfigurationList section */
		5BF735412DD2A20500FA17E9 /* Build configuration list for PBXProject "(Not Boring) UV App" */ = {
			isa = XCConfigurationList;
			buildConfigurations = (
				5BF735662DD2A20700FA17E9 /* Debug */,
				5BF735672DD2A20700FA17E9 /* Release */,
			);
			defaultConfigurationIsVisible = 0;
			defaultConfigurationName = Release;
		};
		5BF735682DD2A20700FA17E9 /* Build configuration list for PBXNativeTarget "(Not Boring) UV App" */ = {
			isa = XCConfigurationList;
			buildConfigurations = (
				5BF735692DD2A20700FA17E9 /* Debug */,
				5BF7356A2DD2A20700FA17E9 /* Release */,
			);
			defaultConfigurationIsVisible = 0;
			defaultConfigurationName = Release;
		};
		5BF7356B2DD2A20700FA17E9 /* Build configuration list for PBXNativeTarget "(Not Boring) UV AppTests" */ = {
			isa = XCConfigurationList;
			buildConfigurations = (
				5BF7356C2DD2A20700FA17E9 /* Debug */,
				5BF7356D2DD2A20700FA17E9 /* Release */,
			);
			defaultConfigurationIsVisible = 0;
			defaultConfigurationName = Release;
		};
		5BF7356E2DD2A20700FA17E9 /* Build configuration list for PBXNativeTarget "(Not Boring) UV AppUITests" */ = {
			isa = XCConfigurationList;
			buildConfigurations = (
				5BF7356F2DD2A20700FA17E9 /* Debug */,
				5BF735702DD2A20700FA17E9 /* Release */,
			);
			defaultConfigurationIsVisible = 0;
			defaultConfigurationName = Release;
		};
/* End XCConfigurationList section */
	};
	rootObject = 5BF7353E2DD2A20500FA17E9 /* Project object */;
}
